// !$*UTF8*$!
{
	archiveVersion = 1;
	classes = {
	};
	objectVersion = 46;
	objects = {

/* Begin PBXBuildFile section */
		D72C84D51E77D42500EDCEEF /* main.m in Sources */ = {isa = PBXBuildFile; fileRef = D72C84D41E77D42500EDCEEF /* main.m */; };
		D72C84D81E77D42500EDCEEF /* AppDelegate.m in Sources */ = {isa = PBXBuildFile; fileRef = D72C84D71E77D42500EDCEEF /* AppDelegate.m */; };
		D72C84DB1E77D42500EDCEEF /* ViewController.m in Sources */ = {isa = PBXBuildFile; fileRef = D72C84DA1E77D42500EDCEEF /* ViewController.m */; };
		D72C84DE1E77D42500EDCEEF /* Main.storyboard in Resources */ = {isa = PBXBuildFile; fileRef = D72C84DC1E77D42500EDCEEF /* Main.storyboard */; };
		D72C84E01E77D42500EDCEEF /* Assets.xcassets in Resources */ = {isa = PBXBuildFile; fileRef = D72C84DF1E77D42500EDCEEF /* Assets.xcassets */; };
		D72C84E31E77D42500EDCEEF /* LaunchScreen.storyboard in Resources */ = {isa = PBXBuildFile; fileRef = D72C84E11E77D42500EDCEEF /* LaunchScreen.storyboard */; };
		D72C84ED1E77D47200EDCEEF /* YCDownloadSession.m in Sources */ = {isa = PBXBuildFile; fileRef = D72C84EC1E77D47200EDCEEF /* YCDownloadSession.m */; };
		D75627FE1EE799F200A031FE /* video.json in Resources */ = {isa = PBXBuildFile; fileRef = D75627FD1EE799F200A031FE /* video.json */; };
		D75628011EE79F9300A031FE /* NSURLSession+CorrectedResumeData.m in Sources */ = {isa = PBXBuildFile; fileRef = D75628001EE79F9300A031FE /* NSURLSession+CorrectedResumeData.m */; };
		D775A4021E791C9E00117D97 /* YCDownloadItem.m in Sources */ = {isa = PBXBuildFile; fileRef = D775A4011E791C9E00117D97 /* YCDownloadItem.m */; };
		D78946771E83754100284B35 /* VideoListInfoCell.xib in Resources */ = {isa = PBXBuildFile; fileRef = D78946761E83754100284B35 /* VideoListInfoCell.xib */; };
		D789467A1E83777000284B35 /* VideoListInfoCell.m in Sources */ = {isa = PBXBuildFile; fileRef = D78946791E83777000284B35 /* VideoListInfoCell.m */; };
		D789467D1E83783C00284B35 /* VideoListInfoController.m in Sources */ = {isa = PBXBuildFile; fileRef = D789467C1E83783C00284B35 /* VideoListInfoController.m */; };
		D78946951E837D8600284B35 /* VideoListInfoModel.m in Sources */ = {isa = PBXBuildFile; fileRef = D78946941E837D8600284B35 /* VideoListInfoModel.m */; };
		D78946B81E83A4B700284B35 /* MKAnnotationView+WebCache.m in Sources */ = {isa = PBXBuildFile; fileRef = D78946981E83A4B700284B35 /* MKAnnotationView+WebCache.m */; };
		D78946B91E83A4B700284B35 /* NSData+ImageContentType.m in Sources */ = {isa = PBXBuildFile; fileRef = D789469A1E83A4B700284B35 /* NSData+ImageContentType.m */; };
		D78946BA1E83A4B700284B35 /* SDImageCache.m in Sources */ = {isa = PBXBuildFile; fileRef = D789469C1E83A4B700284B35 /* SDImageCache.m */; };
		D78946BB1E83A4B700284B35 /* SDWebImageCompat.m in Sources */ = {isa = PBXBuildFile; fileRef = D789469E1E83A4B700284B35 /* SDWebImageCompat.m */; };
		D78946BC1E83A4B700284B35 /* SDWebImageDecoder.m in Sources */ = {isa = PBXBuildFile; fileRef = D78946A01E83A4B700284B35 /* SDWebImageDecoder.m */; };
		D78946BD1E83A4B700284B35 /* SDWebImageDownloader.m in Sources */ = {isa = PBXBuildFile; fileRef = D78946A21E83A4B700284B35 /* SDWebImageDownloader.m */; };
		D78946BE1E83A4B700284B35 /* SDWebImageDownloaderOperation.m in Sources */ = {isa = PBXBuildFile; fileRef = D78946A41E83A4B700284B35 /* SDWebImageDownloaderOperation.m */; };
		D78946BF1E83A4B700284B35 /* SDWebImageManager.m in Sources */ = {isa = PBXBuildFile; fileRef = D78946A61E83A4B700284B35 /* SDWebImageManager.m */; };
		D78946C01E83A4B700284B35 /* SDWebImagePrefetcher.m in Sources */ = {isa = PBXBuildFile; fileRef = D78946A91E83A4B700284B35 /* SDWebImagePrefetcher.m */; };
		D78946C11E83A4B700284B35 /* UIButton+WebCache.m in Sources */ = {isa = PBXBuildFile; fileRef = D78946AB1E83A4B700284B35 /* UIButton+WebCache.m */; };
		D78946C21E83A4B700284B35 /* UIImage+GIF.m in Sources */ = {isa = PBXBuildFile; fileRef = D78946AD1E83A4B700284B35 /* UIImage+GIF.m */; };
		D78946C31E83A4B700284B35 /* UIImage+MultiFormat.m in Sources */ = {isa = PBXBuildFile; fileRef = D78946AF1E83A4B700284B35 /* UIImage+MultiFormat.m */; };
		D78946C41E83A4B700284B35 /* UIImage+WebP.m in Sources */ = {isa = PBXBuildFile; fileRef = D78946B11E83A4B700284B35 /* UIImage+WebP.m */; };
		D78946C51E83A4B700284B35 /* UIImageView+HighlightedWebCache.m in Sources */ = {isa = PBXBuildFile; fileRef = D78946B31E83A4B700284B35 /* UIImageView+HighlightedWebCache.m */; };
		D78946C61E83A4B700284B35 /* UIImageView+WebCache.m in Sources */ = {isa = PBXBuildFile; fileRef = D78946B51E83A4B700284B35 /* UIImageView+WebCache.m */; };
		D78946C71E83A4B700284B35 /* UIView+WebCacheOperation.m in Sources */ = {isa = PBXBuildFile; fileRef = D78946B71E83A4B700284B35 /* UIView+WebCacheOperation.m */; };
		D78946CA1E83A66000284B35 /* VideoCacheController.m in Sources */ = {isa = PBXBuildFile; fileRef = D78946C91E83A66000284B35 /* VideoCacheController.m */; };
		D78946CD1E83A68700284B35 /* VideoCacheListCell.m in Sources */ = {isa = PBXBuildFile; fileRef = D78946CC1E83A68700284B35 /* VideoCacheListCell.m */; };
		D78946CF1E83A69700284B35 /* VideoCacheListCell.xib in Resources */ = {isa = PBXBuildFile; fileRef = D78946CE1E83A69700284B35 /* VideoCacheListCell.xib */; };
		D79F745A1E8519D600ED87C9 /* YCDownloadVideoManager.m in Sources */ = {isa = PBXBuildFile; fileRef = D79F74591E8519D600ED87C9 /* YCDownloadVideoManager.m */; };
/* End PBXBuildFile section */

/* Begin PBXFileReference section */
		D72C84D01E77D42500EDCEEF /* YCDownloadSession.app */ = {isa = PBXFileReference; explicitFileType = wrapper.application; includeInIndex = 0; path = YCDownloadSession.app; sourceTree = BUILT_PRODUCTS_DIR; };
		D72C84D41E77D42500EDCEEF /* main.m */ = {isa = PBXFileReference; lastKnownFileType = sourcecode.c.objc; path = main.m; sourceTree = "<group>"; };
		D72C84D61E77D42500EDCEEF /* AppDelegate.h */ = {isa = PBXFileReference; lastKnownFileType = sourcecode.c.h; path = AppDelegate.h; sourceTree = "<group>"; };
		D72C84D71E77D42500EDCEEF /* AppDelegate.m */ = {isa = PBXFileReference; lastKnownFileType = sourcecode.c.objc; path = AppDelegate.m; sourceTree = "<group>"; };
		D72C84D91E77D42500EDCEEF /* ViewController.h */ = {isa = PBXFileReference; lastKnownFileType = sourcecode.c.h; path = ViewController.h; sourceTree = "<group>"; };
		D72C84DA1E77D42500EDCEEF /* ViewController.m */ = {isa = PBXFileReference; lastKnownFileType = sourcecode.c.objc; path = ViewController.m; sourceTree = "<group>"; };
		D72C84DD1E77D42500EDCEEF /* Base */ = {isa = PBXFileReference; lastKnownFileType = file.storyboard; name = Base; path = Base.lproj/Main.storyboard; sourceTree = "<group>"; };
		D72C84DF1E77D42500EDCEEF /* Assets.xcassets */ = {isa = PBXFileReference; lastKnownFileType = folder.assetcatalog; path = Assets.xcassets; sourceTree = "<group>"; };
		D72C84E21E77D42500EDCEEF /* Base */ = {isa = PBXFileReference; lastKnownFileType = file.storyboard; name = Base; path = Base.lproj/LaunchScreen.storyboard; sourceTree = "<group>"; };
		D72C84E41E77D42500EDCEEF /* Info.plist */ = {isa = PBXFileReference; lastKnownFileType = text.plist.xml; path = Info.plist; sourceTree = "<group>"; };
		D72C84EB1E77D47200EDCEEF /* YCDownloadSession.h */ = {isa = PBXFileReference; fileEncoding = 4; lastKnownFileType = sourcecode.c.h; path = YCDownloadSession.h; sourceTree = "<group>"; };
		D72C84EC1E77D47200EDCEEF /* YCDownloadSession.m */ = {isa = PBXFileReference; fileEncoding = 4; lastKnownFileType = sourcecode.c.objc; path = YCDownloadSession.m; sourceTree = "<group>"; };
		D75627FD1EE799F200A031FE /* video.json */ = {isa = PBXFileReference; fileEncoding = 4; lastKnownFileType = text.json; path = video.json; sourceTree = "<group>"; };
		D75627FF1EE79F9300A031FE /* NSURLSession+CorrectedResumeData.h */ = {isa = PBXFileReference; fileEncoding = 4; lastKnownFileType = sourcecode.c.h; path = "NSURLSession+CorrectedResumeData.h"; sourceTree = "<group>"; };
		D75628001EE79F9300A031FE /* NSURLSession+CorrectedResumeData.m */ = {isa = PBXFileReference; fileEncoding = 4; lastKnownFileType = sourcecode.c.objc; path = "NSURLSession+CorrectedResumeData.m"; sourceTree = "<group>"; };
		D775A4001E791C9E00117D97 /* YCDownloadItem.h */ = {isa = PBXFileReference; fileEncoding = 4; lastKnownFileType = sourcecode.c.h; path = YCDownloadItem.h; sourceTree = "<group>"; };
		D775A4011E791C9E00117D97 /* YCDownloadItem.m */ = {isa = PBXFileReference; fileEncoding = 4; lastKnownFileType = sourcecode.c.objc; path = YCDownloadItem.m; sourceTree = "<group>"; };
		D78946761E83754100284B35 /* VideoListInfoCell.xib */ = {isa = PBXFileReference; fileEncoding = 4; lastKnownFileType = file.xib; path = VideoListInfoCell.xib; sourceTree = "<group>"; };
		D78946781E83777000284B35 /* VideoListInfoCell.h */ = {isa = PBXFileReference; fileEncoding = 4; lastKnownFileType = sourcecode.c.h; path = VideoListInfoCell.h; sourceTree = "<group>"; };
		D78946791E83777000284B35 /* VideoListInfoCell.m */ = {isa = PBXFileReference; fileEncoding = 4; lastKnownFileType = sourcecode.c.objc; path = VideoListInfoCell.m; sourceTree = "<group>"; };
		D789467B1E83783C00284B35 /* VideoListInfoController.h */ = {isa = PBXFileReference; fileEncoding = 4; lastKnownFileType = sourcecode.c.h; path = VideoListInfoController.h; sourceTree = "<group>"; };
		D789467C1E83783C00284B35 /* VideoListInfoController.m */ = {isa = PBXFileReference; fileEncoding = 4; lastKnownFileType = sourcecode.c.objc; path = VideoListInfoController.m; sourceTree = "<group>"; };
		D78946931E837D8600284B35 /* VideoListInfoModel.h */ = {isa = PBXFileReference; fileEncoding = 4; lastKnownFileType = sourcecode.c.h; path = VideoListInfoModel.h; sourceTree = "<group>"; };
		D78946941E837D8600284B35 /* VideoListInfoModel.m */ = {isa = PBXFileReference; fileEncoding = 4; lastKnownFileType = sourcecode.c.objc; path = VideoListInfoModel.m; sourceTree = "<group>"; };
		D78946971E83A4B700284B35 /* MKAnnotationView+WebCache.h */ = {isa = PBXFileReference; fileEncoding = 4; lastKnownFileType = sourcecode.c.h; path = "MKAnnotationView+WebCache.h"; sourceTree = "<group>"; };
		D78946981E83A4B700284B35 /* MKAnnotationView+WebCache.m */ = {isa = PBXFileReference; fileEncoding = 4; lastKnownFileType = sourcecode.c.objc; path = "MKAnnotationView+WebCache.m"; sourceTree = "<group>"; };
		D78946991E83A4B700284B35 /* NSData+ImageContentType.h */ = {isa = PBXFileReference; fileEncoding = 4; lastKnownFileType = sourcecode.c.h; path = "NSData+ImageContentType.h"; sourceTree = "<group>"; };
		D789469A1E83A4B700284B35 /* NSData+ImageContentType.m */ = {isa = PBXFileReference; fileEncoding = 4; lastKnownFileType = sourcecode.c.objc; path = "NSData+ImageContentType.m"; sourceTree = "<group>"; };
		D789469B1E83A4B700284B35 /* SDImageCache.h */ = {isa = PBXFileReference; fileEncoding = 4; lastKnownFileType = sourcecode.c.h; path = SDImageCache.h; sourceTree = "<group>"; };
		D789469C1E83A4B700284B35 /* SDImageCache.m */ = {isa = PBXFileReference; fileEncoding = 4; lastKnownFileType = sourcecode.c.objc; path = SDImageCache.m; sourceTree = "<group>"; };
		D789469D1E83A4B700284B35 /* SDWebImageCompat.h */ = {isa = PBXFileReference; fileEncoding = 4; lastKnownFileType = sourcecode.c.h; path = SDWebImageCompat.h; sourceTree = "<group>"; };
		D789469E1E83A4B700284B35 /* SDWebImageCompat.m */ = {isa = PBXFileReference; fileEncoding = 4; lastKnownFileType = sourcecode.c.objc; path = SDWebImageCompat.m; sourceTree = "<group>"; };
		D789469F1E83A4B700284B35 /* SDWebImageDecoder.h */ = {isa = PBXFileReference; fileEncoding = 4; lastKnownFileType = sourcecode.c.h; path = SDWebImageDecoder.h; sourceTree = "<group>"; };
		D78946A01E83A4B700284B35 /* SDWebImageDecoder.m */ = {isa = PBXFileReference; fileEncoding = 4; lastKnownFileType = sourcecode.c.objc; path = SDWebImageDecoder.m; sourceTree = "<group>"; };
		D78946A11E83A4B700284B35 /* SDWebImageDownloader.h */ = {isa = PBXFileReference; fileEncoding = 4; lastKnownFileType = sourcecode.c.h; path = SDWebImageDownloader.h; sourceTree = "<group>"; };
		D78946A21E83A4B700284B35 /* SDWebImageDownloader.m */ = {isa = PBXFileReference; fileEncoding = 4; lastKnownFileType = sourcecode.c.objc; path = SDWebImageDownloader.m; sourceTree = "<group>"; };
		D78946A31E83A4B700284B35 /* SDWebImageDownloaderOperation.h */ = {isa = PBXFileReference; fileEncoding = 4; lastKnownFileType = sourcecode.c.h; path = SDWebImageDownloaderOperation.h; sourceTree = "<group>"; };
		D78946A41E83A4B700284B35 /* SDWebImageDownloaderOperation.m */ = {isa = PBXFileReference; fileEncoding = 4; lastKnownFileType = sourcecode.c.objc; path = SDWebImageDownloaderOperation.m; sourceTree = "<group>"; };
		D78946A51E83A4B700284B35 /* SDWebImageManager.h */ = {isa = PBXFileReference; fileEncoding = 4; lastKnownFileType = sourcecode.c.h; path = SDWebImageManager.h; sourceTree = "<group>"; };
		D78946A61E83A4B700284B35 /* SDWebImageManager.m */ = {isa = PBXFileReference; fileEncoding = 4; lastKnownFileType = sourcecode.c.objc; path = SDWebImageManager.m; sourceTree = "<group>"; };
		D78946A71E83A4B700284B35 /* SDWebImageOperation.h */ = {isa = PBXFileReference; fileEncoding = 4; lastKnownFileType = sourcecode.c.h; path = SDWebImageOperation.h; sourceTree = "<group>"; };
		D78946A81E83A4B700284B35 /* SDWebImagePrefetcher.h */ = {isa = PBXFileReference; fileEncoding = 4; lastKnownFileType = sourcecode.c.h; path = SDWebImagePrefetcher.h; sourceTree = "<group>"; };
		D78946A91E83A4B700284B35 /* SDWebImagePrefetcher.m */ = {isa = PBXFileReference; fileEncoding = 4; lastKnownFileType = sourcecode.c.objc; path = SDWebImagePrefetcher.m; sourceTree = "<group>"; };
		D78946AA1E83A4B700284B35 /* UIButton+WebCache.h */ = {isa = PBXFileReference; fileEncoding = 4; lastKnownFileType = sourcecode.c.h; path = "UIButton+WebCache.h"; sourceTree = "<group>"; };
		D78946AB1E83A4B700284B35 /* UIButton+WebCache.m */ = {isa = PBXFileReference; fileEncoding = 4; lastKnownFileType = sourcecode.c.objc; path = "UIButton+WebCache.m"; sourceTree = "<group>"; };
		D78946AC1E83A4B700284B35 /* UIImage+GIF.h */ = {isa = PBXFileReference; fileEncoding = 4; lastKnownFileType = sourcecode.c.h; path = "UIImage+GIF.h"; sourceTree = "<group>"; };
		D78946AD1E83A4B700284B35 /* UIImage+GIF.m */ = {isa = PBXFileReference; fileEncoding = 4; lastKnownFileType = sourcecode.c.objc; path = "UIImage+GIF.m"; sourceTree = "<group>"; };
		D78946AE1E83A4B700284B35 /* UIImage+MultiFormat.h */ = {isa = PBXFileReference; fileEncoding = 4; lastKnownFileType = sourcecode.c.h; path = "UIImage+MultiFormat.h"; sourceTree = "<group>"; };
		D78946AF1E83A4B700284B35 /* UIImage+MultiFormat.m */ = {isa = PBXFileReference; fileEncoding = 4; lastKnownFileType = sourcecode.c.objc; path = "UIImage+MultiFormat.m"; sourceTree = "<group>"; };
		D78946B01E83A4B700284B35 /* UIImage+WebP.h */ = {isa = PBXFileReference; fileEncoding = 4; lastKnownFileType = sourcecode.c.h; path = "UIImage+WebP.h"; sourceTree = "<group>"; };
		D78946B11E83A4B700284B35 /* UIImage+WebP.m */ = {isa = PBXFileReference; fileEncoding = 4; lastKnownFileType = sourcecode.c.objc; path = "UIImage+WebP.m"; sourceTree = "<group>"; };
		D78946B21E83A4B700284B35 /* UIImageView+HighlightedWebCache.h */ = {isa = PBXFileReference; fileEncoding = 4; lastKnownFileType = sourcecode.c.h; path = "UIImageView+HighlightedWebCache.h"; sourceTree = "<group>"; };
		D78946B31E83A4B700284B35 /* UIImageView+HighlightedWebCache.m */ = {isa = PBXFileReference; fileEncoding = 4; lastKnownFileType = sourcecode.c.objc; path = "UIImageView+HighlightedWebCache.m"; sourceTree = "<group>"; };
		D78946B41E83A4B700284B35 /* UIImageView+WebCache.h */ = {isa = PBXFileReference; fileEncoding = 4; lastKnownFileType = sourcecode.c.h; path = "UIImageView+WebCache.h"; sourceTree = "<group>"; };
		D78946B51E83A4B700284B35 /* UIImageView+WebCache.m */ = {isa = PBXFileReference; fileEncoding = 4; lastKnownFileType = sourcecode.c.objc; path = "UIImageView+WebCache.m"; sourceTree = "<group>"; };
		D78946B61E83A4B700284B35 /* UIView+WebCacheOperation.h */ = {isa = PBXFileReference; fileEncoding = 4; lastKnownFileType = sourcecode.c.h; path = "UIView+WebCacheOperation.h"; sourceTree = "<group>"; };
		D78946B71E83A4B700284B35 /* UIView+WebCacheOperation.m */ = {isa = PBXFileReference; fileEncoding = 4; lastKnownFileType = sourcecode.c.objc; path = "UIView+WebCacheOperation.m"; sourceTree = "<group>"; };
		D78946C81E83A66000284B35 /* VideoCacheController.h */ = {isa = PBXFileReference; fileEncoding = 4; lastKnownFileType = sourcecode.c.h; path = VideoCacheController.h; sourceTree = "<group>"; };
		D78946C91E83A66000284B35 /* VideoCacheController.m */ = {isa = PBXFileReference; fileEncoding = 4; lastKnownFileType = sourcecode.c.objc; path = VideoCacheController.m; sourceTree = "<group>"; };
		D78946CB1E83A68700284B35 /* VideoCacheListCell.h */ = {isa = PBXFileReference; fileEncoding = 4; lastKnownFileType = sourcecode.c.h; path = VideoCacheListCell.h; sourceTree = "<group>"; };
		D78946CC1E83A68700284B35 /* VideoCacheListCell.m */ = {isa = PBXFileReference; fileEncoding = 4; lastKnownFileType = sourcecode.c.objc; path = VideoCacheListCell.m; sourceTree = "<group>"; };
		D78946CE1E83A69700284B35 /* VideoCacheListCell.xib */ = {isa = PBXFileReference; fileEncoding = 4; lastKnownFileType = file.xib; path = VideoCacheListCell.xib; sourceTree = "<group>"; };
		D79F74581E8519D600ED87C9 /* YCDownloadVideoManager.h */ = {isa = PBXFileReference; fileEncoding = 4; lastKnownFileType = sourcecode.c.h; name = YCDownloadVideoManager.h; path = ../YCDownloadSession/YCDownloadVideoManager.h; sourceTree = "<group>"; };
		D79F74591E8519D600ED87C9 /* YCDownloadVideoManager.m */ = {isa = PBXFileReference; fileEncoding = 4; lastKnownFileType = sourcecode.c.objc; name = YCDownloadVideoManager.m; path = ../YCDownloadSession/YCDownloadVideoManager.m; sourceTree = "<group>"; };
/* End PBXFileReference section */

/* Begin PBXFrameworksBuildPhase section */
		D72C84CD1E77D42500EDCEEF /* Frameworks */ = {
			isa = PBXFrameworksBuildPhase;
			buildActionMask = 2147483647;
			files = (
			);
			runOnlyForDeploymentPostprocessing = 0;
		};
/* End PBXFrameworksBuildPhase section */

/* Begin PBXGroup section */
		D72C84C71E77D42500EDCEEF = {
			isa = PBXGroup;
			children = (
				D72C84D21E77D42500EDCEEF /* YCDownloadSession */,
				D72C84D11E77D42500EDCEEF /* Products */,
			);
			sourceTree = "<group>";
		};
		D72C84D11E77D42500EDCEEF /* Products */ = {
			isa = PBXGroup;
			children = (
				D72C84D01E77D42500EDCEEF /* YCDownloadSession.app */,
			);
			name = Products;
			sourceTree = "<group>";
		};
		D72C84D21E77D42500EDCEEF /* YCDownloadSession */ = {
			isa = PBXGroup;
			children = (
				D789467E1E837BEF00284B35 /* ThirdLib */,
				D72C84EA1E77D46100EDCEEF /* YCDownloadSession */,
				D7ED1B921F2997F70010EBF2 /* YCDownloadVideoManager */,
				D72C84D61E77D42500EDCEEF /* AppDelegate.h */,
				D72C84D71E77D42500EDCEEF /* AppDelegate.m */,
				D72C84D91E77D42500EDCEEF /* ViewController.h */,
				D72C84DA1E77D42500EDCEEF /* ViewController.m */,
				D789467B1E83783C00284B35 /* VideoListInfoController.h */,
				D789467C1E83783C00284B35 /* VideoListInfoController.m */,
				D75627FD1EE799F200A031FE /* video.json */,
				D78946C81E83A66000284B35 /* VideoCacheController.h */,
				D78946C91E83A66000284B35 /* VideoCacheController.m */,
				D78946931E837D8600284B35 /* VideoListInfoModel.h */,
				D78946941E837D8600284B35 /* VideoListInfoModel.m */,
				D78946781E83777000284B35 /* VideoListInfoCell.h */,
				D78946791E83777000284B35 /* VideoListInfoCell.m */,
				D78946761E83754100284B35 /* VideoListInfoCell.xib */,
				D78946CB1E83A68700284B35 /* VideoCacheListCell.h */,
				D78946CC1E83A68700284B35 /* VideoCacheListCell.m */,
				D78946CE1E83A69700284B35 /* VideoCacheListCell.xib */,
				D72C84DC1E77D42500EDCEEF /* Main.storyboard */,
				D72C84DF1E77D42500EDCEEF /* Assets.xcassets */,
				D72C84E11E77D42500EDCEEF /* LaunchScreen.storyboard */,
				D72C84E41E77D42500EDCEEF /* Info.plist */,
				D72C84D31E77D42500EDCEEF /* Supporting Files */,
			);
			path = YCDownloadSession;
			sourceTree = "<group>";
		};
		D72C84D31E77D42500EDCEEF /* Supporting Files */ = {
			isa = PBXGroup;
			children = (
				D72C84D41E77D42500EDCEEF /* main.m */,
			);
			name = "Supporting Files";
			sourceTree = "<group>";
		};
		D72C84EA1E77D46100EDCEEF /* YCDownloadSession */ = {
			isa = PBXGroup;
			children = (
				D72C84EB1E77D47200EDCEEF /* YCDownloadSession.h */,
				D72C84EC1E77D47200EDCEEF /* YCDownloadSession.m */,
				D775A4001E791C9E00117D97 /* YCDownloadItem.h */,
				D775A4011E791C9E00117D97 /* YCDownloadItem.m */,
				D75627FF1EE79F9300A031FE /* NSURLSession+CorrectedResumeData.h */,
				D75628001EE79F9300A031FE /* NSURLSession+CorrectedResumeData.m */,
			);
			path = YCDownloadSession;
			sourceTree = "<group>";
		};
		D789467E1E837BEF00284B35 /* ThirdLib */ = {
			isa = PBXGroup;
			children = (
				D78946961E83A4B700284B35 /* SDWebImage */,
			);
			path = ThirdLib;
			sourceTree = "<group>";
		};
		D78946961E83A4B700284B35 /* SDWebImage */ = {
			isa = PBXGroup;
			children = (
				D78946971E83A4B700284B35 /* MKAnnotationView+WebCache.h */,
				D78946981E83A4B700284B35 /* MKAnnotationView+WebCache.m */,
				D78946991E83A4B700284B35 /* NSData+ImageContentType.h */,
				D789469A1E83A4B700284B35 /* NSData+ImageContentType.m */,
				D789469B1E83A4B700284B35 /* SDImageCache.h */,
				D789469C1E83A4B700284B35 /* SDImageCache.m */,
				D789469D1E83A4B700284B35 /* SDWebImageCompat.h */,
				D789469E1E83A4B700284B35 /* SDWebImageCompat.m */,
				D789469F1E83A4B700284B35 /* SDWebImageDecoder.h */,
				D78946A01E83A4B700284B35 /* SDWebImageDecoder.m */,
				D78946A11E83A4B700284B35 /* SDWebImageDownloader.h */,
				D78946A21E83A4B700284B35 /* SDWebImageDownloader.m */,
				D78946A31E83A4B700284B35 /* SDWebImageDownloaderOperation.h */,
				D78946A41E83A4B700284B35 /* SDWebImageDownloaderOperation.m */,
				D78946A51E83A4B700284B35 /* SDWebImageManager.h */,
				D78946A61E83A4B700284B35 /* SDWebImageManager.m */,
				D78946A71E83A4B700284B35 /* SDWebImageOperation.h */,
				D78946A81E83A4B700284B35 /* SDWebImagePrefetcher.h */,
				D78946A91E83A4B700284B35 /* SDWebImagePrefetcher.m */,
				D78946AA1E83A4B700284B35 /* UIButton+WebCache.h */,
				D78946AB1E83A4B700284B35 /* UIButton+WebCache.m */,
				D78946AC1E83A4B700284B35 /* UIImage+GIF.h */,
				D78946AD1E83A4B700284B35 /* UIImage+GIF.m */,
				D78946AE1E83A4B700284B35 /* UIImage+MultiFormat.h */,
				D78946AF1E83A4B700284B35 /* UIImage+MultiFormat.m */,
				D78946B01E83A4B700284B35 /* UIImage+WebP.h */,
				D78946B11E83A4B700284B35 /* UIImage+WebP.m */,
				D78946B21E83A4B700284B35 /* UIImageView+HighlightedWebCache.h */,
				D78946B31E83A4B700284B35 /* UIImageView+HighlightedWebCache.m */,
				D78946B41E83A4B700284B35 /* UIImageView+WebCache.h */,
				D78946B51E83A4B700284B35 /* UIImageView+WebCache.m */,
				D78946B61E83A4B700284B35 /* UIView+WebCacheOperation.h */,
				D78946B71E83A4B700284B35 /* UIView+WebCacheOperation.m */,
			);
			path = SDWebImage;
			sourceTree = "<group>";
		};
		D7ED1B921F2997F70010EBF2 /* YCDownloadVideoManager */ = {
			isa = PBXGroup;
			children = (
				D79F74581E8519D600ED87C9 /* YCDownloadVideoManager.h */,
				D79F74591E8519D600ED87C9 /* YCDownloadVideoManager.m */,
			);
			path = YCDownloadVideoManager;
			sourceTree = "<group>";
		};
/* End PBXGroup section */

/* Begin PBXNativeTarget section */
		D72C84CF1E77D42500EDCEEF /* YCDownloadSession */ = {
			isa = PBXNativeTarget;
			buildConfigurationList = D72C84E71E77D42500EDCEEF /* Build configuration list for PBXNativeTarget "YCDownloadSession" */;
			buildPhases = (
				D72C84CC1E77D42500EDCEEF /* Sources */,
				D72C84CD1E77D42500EDCEEF /* Frameworks */,
				D72C84CE1E77D42500EDCEEF /* Resources */,
			);
			buildRules = (
			);
			dependencies = (
			);
			name = YCDownloadSession;
			productName = YCDownloadSession;
			productReference = D72C84D01E77D42500EDCEEF /* YCDownloadSession.app */;
			productType = "com.apple.product-type.application";
		};
/* End PBXNativeTarget section */

/* Begin PBXProject section */
		D72C84C81E77D42500EDCEEF /* Project object */ = {
			isa = PBXProject;
			attributes = {
				LastUpgradeCheck = 0820;
				ORGANIZATIONNAME = onezen.cc;
				TargetAttributes = {
					D72C84CF1E77D42500EDCEEF = {
						CreatedOnToolsVersion = 8.2.1;
						DevelopmentTeam = J4N8RS9Y8V;
						ProvisioningStyle = Automatic;
					};
				};
			};
			buildConfigurationList = D72C84CB1E77D42500EDCEEF /* Build configuration list for PBXProject "YCDownloadSession" */;
			compatibilityVersion = "Xcode 3.2";
			developmentRegion = English;
			hasScannedForEncodings = 0;
			knownRegions = (
				en,
				Base,
			);
			mainGroup = D72C84C71E77D42500EDCEEF;
			productRefGroup = D72C84D11E77D42500EDCEEF /* Products */;
			projectDirPath = "";
			projectRoot = "";
			targets = (
				D72C84CF1E77D42500EDCEEF /* YCDownloadSession */,
			);
		};
/* End PBXProject section */

/* Begin PBXResourcesBuildPhase section */
		D72C84CE1E77D42500EDCEEF /* Resources */ = {
			isa = PBXResourcesBuildPhase;
			buildActionMask = 2147483647;
			files = (
				D72C84E31E77D42500EDCEEF /* LaunchScreen.storyboard in Resources */,
				D75627FE1EE799F200A031FE /* video.json in Resources */,
				D78946771E83754100284B35 /* VideoListInfoCell.xib in Resources */,
				D78946CF1E83A69700284B35 /* VideoCacheListCell.xib in Resources */,
				D72C84E01E77D42500EDCEEF /* Assets.xcassets in Resources */,
				D72C84DE1E77D42500EDCEEF /* Main.storyboard in Resources */,
			);
			runOnlyForDeploymentPostprocessing = 0;
		};
/* End PBXResourcesBuildPhase section */

/* Begin PBXSourcesBuildPhase section */
		D72C84CC1E77D42500EDCEEF /* Sources */ = {
			isa = PBXSourcesBuildPhase;
			buildActionMask = 2147483647;
			files = (
				D78946C31E83A4B700284B35 /* UIImage+MultiFormat.m in Sources */,
				D78946C41E83A4B700284B35 /* UIImage+WebP.m in Sources */,
				D72C84DB1E77D42500EDCEEF /* ViewController.m in Sources */,
				D78946BF1E83A4B700284B35 /* SDWebImageManager.m in Sources */,
				D79F745A1E8519D600ED87C9 /* YCDownloadVideoManager.m in Sources */,
				D75628011EE79F9300A031FE /* NSURLSession+CorrectedResumeData.m in Sources */,
				D789467D1E83783C00284B35 /* VideoListInfoController.m in Sources */,
				D72C84D81E77D42500EDCEEF /* AppDelegate.m in Sources */,
				D78946BD1E83A4B700284B35 /* SDWebImageDownloader.m in Sources */,
				D72C84ED1E77D47200EDCEEF /* YCDownloadSession.m in Sources */,
				D72C84D51E77D42500EDCEEF /* main.m in Sources */,
				D78946B81E83A4B700284B35 /* MKAnnotationView+WebCache.m in Sources */,
				D775A4021E791C9E00117D97 /* YCDownloadItem.m in Sources */,
				D78946B91E83A4B700284B35 /* NSData+ImageContentType.m in Sources */,
				D78946C21E83A4B700284B35 /* UIImage+GIF.m in Sources */,
				D78946C11E83A4B700284B35 /* UIButton+WebCache.m in Sources */,
				D78946951E837D8600284B35 /* VideoListInfoModel.m in Sources */,
				D78946CA1E83A66000284B35 /* VideoCacheController.m in Sources */,
				D78946C01E83A4B700284B35 /* SDWebImagePrefetcher.m in Sources */,
				D78946BC1E83A4B700284B35 /* SDWebImageDecoder.m in Sources */,
				D78946BA1E83A4B700284B35 /* SDImageCache.m in Sources */,
				D78946CD1E83A68700284B35 /* VideoCacheListCell.m in Sources */,
				D78946BB1E83A4B700284B35 /* SDWebImageCompat.m in Sources */,
				D78946C71E83A4B700284B35 /* UIView+WebCacheOperation.m in Sources */,
				D789467A1E83777000284B35 /* VideoListInfoCell.m in Sources */,
				D78946BE1E83A4B700284B35 /* SDWebImageDownloaderOperation.m in Sources */,
				D78946C61E83A4B700284B35 /* UIImageView+WebCache.m in Sources */,
				D78946C51E83A4B700284B35 /* UIImageView+HighlightedWebCache.m in Sources */,
			);
			runOnlyForDeploymentPostprocessing = 0;
		};
/* End PBXSourcesBuildPhase section */

/* Begin PBXVariantGroup section */
		D72C84DC1E77D42500EDCEEF /* Main.storyboard */ = {
			isa = PBXVariantGroup;
			children = (
				D72C84DD1E77D42500EDCEEF /* Base */,
			);
			name = Main.storyboard;
			sourceTree = "<group>";
		};
		D72C84E11E77D42500EDCEEF /* LaunchScreen.storyboard */ = {
			isa = PBXVariantGroup;
			children = (
				D72C84E21E77D42500EDCEEF /* Base */,
			);
			name = LaunchScreen.storyboard;
			sourceTree = "<group>";
		};
/* End PBXVariantGroup section */

/* Begin XCBuildConfiguration section */
		D72C84E51E77D42500EDCEEF /* Debug */ = {
			isa = XCBuildConfiguration;
			buildSettings = {
				ALWAYS_SEARCH_USER_PATHS = NO;
				CLANG_ANALYZER_NONNULL = YES;
				CLANG_CXX_LANGUAGE_STANDARD = "gnu++0x";
				CLANG_CXX_LIBRARY = "libc++";
				CLANG_ENABLE_MODULES = YES;
				CLANG_ENABLE_OBJC_ARC = YES;
				CLANG_WARN_BOOL_CONVERSION = YES;
				CLANG_WARN_CONSTANT_CONVERSION = YES;
				CLANG_WARN_DIRECT_OBJC_ISA_USAGE = YES_ERROR;
				CLANG_WARN_DOCUMENTATION_COMMENTS = YES;
				CLANG_WARN_EMPTY_BODY = YES;
				CLANG_WARN_ENUM_CONVERSION = YES;
				CLANG_WARN_INFINITE_RECURSION = YES;
				CLANG_WARN_INT_CONVERSION = YES;
				CLANG_WARN_OBJC_ROOT_CLASS = YES_ERROR;
				CLANG_WARN_SUSPICIOUS_MOVE = YES;
				CLANG_WARN_UNREACHABLE_CODE = YES;
				CLANG_WARN__DUPLICATE_METHOD_MATCH = YES;
				"CODE_SIGN_IDENTITY[sdk=iphoneos*]" = "iPhone Developer";
				COPY_PHASE_STRIP = NO;
				DEBUG_INFORMATION_FORMAT = dwarf;
				ENABLE_STRICT_OBJC_MSGSEND = YES;
				ENABLE_TESTABILITY = YES;
				GCC_C_LANGUAGE_STANDARD = gnu99;
				GCC_DYNAMIC_NO_PIC = NO;
				GCC_NO_COMMON_BLOCKS = YES;
				GCC_OPTIMIZATION_LEVEL = 0;
				GCC_PREPROCESSOR_DEFINITIONS = (
					"DEBUG=1",
					"$(inherited)",
				);
				GCC_WARN_64_TO_32_BIT_CONVERSION = YES;
				GCC_WARN_ABOUT_RETURN_TYPE = YES_ERROR;
				GCC_WARN_UNDECLARED_SELECTOR = YES;
				GCC_WARN_UNINITIALIZED_AUTOS = YES_AGGRESSIVE;
				GCC_WARN_UNUSED_FUNCTION = YES;
				GCC_WARN_UNUSED_VARIABLE = YES;
				IPHONEOS_DEPLOYMENT_TARGET = 8.0;
				MTL_ENABLE_DEBUG_INFO = YES;
				ONLY_ACTIVE_ARCH = YES;
				SDKROOT = iphoneos;
			};
			name = Debug;
		};
		D72C84E61E77D42500EDCEEF /* Release */ = {
			isa = XCBuildConfiguration;
			buildSettings = {
				ALWAYS_SEARCH_USER_PATHS = NO;
				CLANG_ANALYZER_NONNULL = YES;
				CLANG_CXX_LANGUAGE_STANDARD = "gnu++0x";
				CLANG_CXX_LIBRARY = "libc++";
				CLANG_ENABLE_MODULES = YES;
				CLANG_ENABLE_OBJC_ARC = YES;
				CLANG_WARN_BOOL_CONVERSION = YES;
				CLANG_WARN_CONSTANT_CONVERSION = YES;
				CLANG_WARN_DIRECT_OBJC_ISA_USAGE = YES_ERROR;
				CLANG_WARN_DOCUMENTATION_COMMENTS = YES;
				CLANG_WARN_EMPTY_BODY = YES;
				CLANG_WARN_ENUM_CONVERSION = YES;
				CLANG_WARN_INFINITE_RECURSION = YES;
				CLANG_WARN_INT_CONVERSION = YES;
				CLANG_WARN_OBJC_ROOT_CLASS = YES_ERROR;
				CLANG_WARN_SUSPICIOUS_MOVE = YES;
				CLANG_WARN_UNREACHABLE_CODE = YES;
				CLANG_WARN__DUPLICATE_METHOD_MATCH = YES;
				"CODE_SIGN_IDENTITY[sdk=iphoneos*]" = "iPhone Developer";
				COPY_PHASE_STRIP = NO;
				DEBUG_INFORMATION_FORMAT = "dwarf-with-dsym";
				ENABLE_NS_ASSERTIONS = NO;
				ENABLE_STRICT_OBJC_MSGSEND = YES;
				GCC_C_LANGUAGE_STANDARD = gnu99;
				GCC_NO_COMMON_BLOCKS = YES;
				GCC_WARN_64_TO_32_BIT_CONVERSION = YES;
				GCC_WARN_ABOUT_RETURN_TYPE = YES_ERROR;
				GCC_WARN_UNDECLARED_SELECTOR = YES;
				GCC_WARN_UNINITIALIZED_AUTOS = YES_AGGRESSIVE;
				GCC_WARN_UNUSED_FUNCTION = YES;
				GCC_WARN_UNUSED_VARIABLE = YES;
				IPHONEOS_DEPLOYMENT_TARGET = 8.0;
				MTL_ENABLE_DEBUG_INFO = NO;
				SDKROOT = iphoneos;
				VALIDATE_PRODUCT = YES;
			};
			name = Release;
		};
		D72C84E81E77D42500EDCEEF /* Debug */ = {
			isa = XCBuildConfiguration;
			buildSettings = {
				ASSETCATALOG_COMPILER_APPICON_NAME = AppIcon;
				DEVELOPMENT_TEAM = J4N8RS9Y8V;
				INFOPLIST_FILE = YCDownloadSession/Info.plist;
				IPHONEOS_DEPLOYMENT_TARGET = 8.0;
				LD_RUNPATH_SEARCH_PATHS = "$(inherited) @executable_path/Frameworks";
				PRODUCT_BUNDLE_IDENTIFIER = cc.onezen.YCDownloadSession;
				PRODUCT_NAME = "$(TARGET_NAME)";
			};
			name = Debug;
		};
		D72C84E91E77D42500EDCEEF /* Release */ = {
			isa = XCBuildConfiguration;
			buildSettings = {
				ASSETCATALOG_COMPILER_APPICON_NAME = AppIcon;
				DEVELOPMENT_TEAM = J4N8RS9Y8V;
				INFOPLIST_FILE = YCDownloadSession/Info.plist;
				IPHONEOS_DEPLOYMENT_TARGET = 8.0;
				LD_RUNPATH_SEARCH_PATHS = "$(inherited) @executable_path/Frameworks";
				PRODUCT_BUNDLE_IDENTIFIER = cc.onezen.YCDownloadSession;
				PRODUCT_NAME = "$(TARGET_NAME)";
			};
			name = Release;
		};
/* End XCBuildConfiguration section */

/* Begin XCConfigurationList section */
		D72C84CB1E77D42500EDCEEF /* Build configuration list for PBXProject "YCDownloadSession" */ = {
			isa = XCConfigurationList;
			buildConfigurations = (
				D72C84E51E77D42500EDCEEF /* Debug */,
				D72C84E61E77D42500EDCEEF /* Release */,
			);
			defaultConfigurationIsVisible = 0;
			defaultConfigurationName = Release;
		};
		D72C84E71E77D42500EDCEEF /* Build configuration list for PBXNativeTarget "YCDownloadSession" */ = {
			isa = XCConfigurationList;
			buildConfigurations = (
				D72C84E81E77D42500EDCEEF /* Debug */,
				D72C84E91E77D42500EDCEEF /* Release */,
			);
			defaultConfigurationIsVisible = 0;
			defaultConfigurationName = Release;
		};
/* End XCConfigurationList section */
	};
	rootObject = D72C84C81E77D42500EDCEEF /* Project object */;
}
